
Microsoft Visual Studio Solution File, Format Version 12.00
# Visual Studio Version 16
VisualStudioVersion = 16.0.31424.327
MinimumVisualStudioVersion = 10.0.40219.1
Project("{FAE04EC0-301F-11D3-BF4B-00C04F79EFBC}") = "LnLBackEndSystem", "LnLBackEndSystem\LnLBackEndSystem.csproj", "{052A2270-6E72-4903-A272-7526707C7D42}"
EndProject
Project("{FAE04EC0-301F-11D3-BF4B-00C04F79EFBC}") = "LnLWebEndSystem", "LnLWebEndSystem\LnLWebEndSystem.csproj", "{2EF064B8-E28A-4ACD-82CF-0D018ADCA114}"
EndProject
Project("{2150E333-8FDC-42A3-9474-1A3956D46DE8}") = "Solution Items", "Solution Items", "{BD2AF261-300C-4F59-AA87-6512106B2D2C}"
	ProjectSection(SolutionItems) = preProject
		Libraries\ReleaseDataModule\DataModuleNetFramework.dll = Libraries\ReleaseDataModule\DataModuleNetFramework.dll
	EndProjectSection
EndProject
Global
	GlobalSection(SolutionConfigurationPlatforms) = preSolution
		Debug|Any CPU = Debug|Any CPU
		Debug|x64 = Debug|x64
		Debug|x86 = Debug|x86
		Release|Any CPU = Release|Any CPU
		Release|x64 = Release|x64
		Release|x86 = Release|x86
	EndGlobalSection
	GlobalSection(ProjectConfigurationPlatforms) = postSolution
		{052A2270-6E72-4903-A272-7526707C7D42}.Debug|Any CPU.ActiveCfg = Debug|Any CPU
		{052A2270-6E72-4903-A272-7526707C7D42}.Debug|Any CPU.Build.0 = Debug|Any CPU
		{052A2270-6E72-4903-A272-7526707C7D42}.Debug|x64.ActiveCfg = Debug|x64
		{052A2270-6E72-4903-A272-7526707C7D42}.Debug|x64.Build.0 = Debug|x64
		{052A2270-6E72-4903-A272-7526707C7D42}.Debug|x86.ActiveCfg = Debug|x86
		{052A2270-6E72-4903-A272-7526707C7D42}.Debug|x86.Build.0 = Debug|x86
		{052A2270-6E72-4903-A272-7526707C7D42}.Release|Any CPU.ActiveCfg = Release|Any CPU
		{052A2270-6E72-4903-A272-7526707C7D42}.Release|Any CPU.Build.0 = Release|Any CPU
		{052A2270-6E72-4903-A272-7526707C7D42}.Release|x64.ActiveCfg = Release|x64
		{052A2270-6E72-4903-A272-7526707C7D42}.Release|x64.Build.0 = Release|x64
		{052A2270-6E72-4903-A272-7526707C7D42}.Release|x86.ActiveCfg = Release|x86
		{052A2270-6E72-4903-A272-7526707C7D42}.Release|x86.Build.0 = Release|x86
		{2EF064B8-E28A-4ACD-82CF-0D018ADCA114}.Debug|Any CPU.ActiveCfg = Debug|Any CPU
		{2EF064B8-E28A-4ACD-82CF-0D018ADCA114}.Debug|Any CPU.Build.0 = Debug|Any CPU
		{2EF064B8-E28A-4ACD-82CF-0D018ADCA114}.Debug|x64.ActiveCfg = Debug|Any CPU
		{2EF064B8-E28A-4ACD-82CF-0D018ADCA114}.Debug|x64.Build.0 = Debug|Any CPU
		{2EF064B8-E28A-4ACD-82CF-0D018ADCA114}.Debug|x86.ActiveCfg = Debug|Any CPU
		{2EF064B8-E28A-4ACD-82CF-0D018ADCA114}.Debug|x86.Build.0 = Debug|Any CPU
		{2EF064B8-E28A-4ACD-82CF-0D018ADCA114}.Release|Any CPU.ActiveCfg = Release|Any CPU
		{2EF064B8-E28A-4ACD-82CF-0D018ADCA114}.Release|Any CPU.Build.0 = Release|Any CPU
		{2EF064B8-E28A-4ACD-82CF-0D018ADCA114}.Release|x64.ActiveCfg = Release|Any CPU
		{2EF064B8-E28A-4ACD-82CF-0D018ADCA114}.Release|x64.Build.0 = Release|Any CPU
		{2EF064B8-E28A-4ACD-82CF-0D018ADCA114}.Release|x86.ActiveCfg = Release|Any CPU
		{2EF064B8-E28A-4ACD-82CF-0D018ADCA114}.Release|x86.Build.0 = Release|Any CPU
	EndGlobalSection
	GlobalSection(SolutionProperties) = preSolution
		HideSolutionNode = FALSE
	EndGlobalSection
	GlobalSection(ExtensibilityGlobals) = postSolution
		SolutionGuid = {0A069721-1983-4B72-9993-141D2AF5E410}
	EndGlobalSection
EndGlobal
